
Microsoft Visual Studio Solution File, Format Version 12.00
# Visual Studio Version 16
VisualStudioVersion = 16.0.29411.108
MinimumVisualStudioVersion = 10.0.40219.1
Project("{FAE04EC0-301F-11D3-BF4B-00C04F79EFBC}") = "TestServiceConsoleApplication", "TestServiceConsoleApplication\TestServiceConsoleApplication.csproj", "{ABE68ECC-DF93-4B94-B226-6ABE3BA0995B}"
EndProject
Project("{FAE04EC0-301F-11D3-BF4B-00C04F79EFBC}") = "TestPLCConsoleApplication", "TestPLCConsoleApplication\TestPLCConsoleApplication.csproj", "{1DF63DAD-68C8-4A5B-B2D3-891FFBA12A64}"
EndProject
Project("{FAE04EC0-301F-11D3-BF4B-00C04F79EFBC}") = "TestLector620ConsoleApplication", "TestLector620ConsoleApplication\TestLector620ConsoleApplication.csproj", "{24928560-E507-42C7-BCEE-268692AC9A2A}"
EndProject
Project("{FAE04EC0-301F-11D3-BF4B-00C04F79EFBC}") = "TestRabbitmqConsoleApplication", "TestRabbitmqConsoleApplication\TestRabbitmqConsoleApplication.csproj", "{083D5074-9258-4DEC-B4B1-742E63ABD4C4}"
EndProject
Project("{00D1A9C2-B5F0-4AF3-8072-F6C62B433612}") = "TestClrDatabase", "TestClrDatabase\TestClrDatabase.sqlproj", "{3325E65D-EB97-4C33-9412-002635807BD0}"
EndProject
Project("{FAE04EC0-301F-11D3-BF4B-00C04F79EFBC}") = "TestImageWindowsFormsApplication", "TestImageWindowsFormsApplication\TestImageWindowsFormsApplication.csproj", "{2ED50C31-582B-4642-A18E-11023EF5A731}"
EndProject
Project("{FAE04EC0-301F-11D3-BF4B-00C04F79EFBC}") = "TestDirectoryServicesConsoleApplication", "TestDirectoryServicesConsoleApplication\TestDirectoryServicesConsoleApplication.csproj", "{BCEDADB9-A3D4-4E8D-BD79-F103F1BFA283}"
EndProject
Project("{FAE04EC0-301F-11D3-BF4B-00C04F79EFBC}") = "TestWindowsFormsApplication", "TestWindowsFormsApplication\TestWindowsFormsApplication.csproj", "{AE944712-9E93-44C7-B548-5E012F5BB880}"
EndProject
Project("{FAE04EC0-301F-11D3-BF4B-00C04F79EFBC}") = "TestEasWindowsFormsApplication", "TestEasWindowsFormsApplication\TestEasWindowsFormsApplication.csproj", "{68606840-0F11-458E-87F3-D241820D808E}"
EndProject
Project("{00D1A9C2-B5F0-4AF3-8072-F6C62B433612}") = "TestSqlServerDatabaseProject", "TestSqlServerDatabaseProject\TestSqlServerDatabaseProject.sqlproj", "{563EC46F-699F-4AF2-A1FD-0C3AEB61E75F}"
EndProject
Project("{FAE04EC0-301F-11D3-BF4B-00C04F79EFBC}") = "TestClassLibrary", "TestClassLibrary\TestClassLibrary.csproj", "{66E5F47B-360B-4791-848A-ADF405EE3B48}"
EndProject
Project("{9A19103F-16F7-4668-BE54-9A1E7A4F7556}") = "TestConsoleApp", "TestConsoleApp\TestConsoleApp.csproj", "{2411D90F-C500-47CC-A3A0-88A062A0FFF7}"
EndProject
Project("{9A19103F-16F7-4668-BE54-9A1E7A4F7556}") = "TestWindowsFormsApp", "TestWindowsFormsApp\TestWindowsFormsApp.csproj", "{CC711665-E0D3-4D55-8548-D011B3133D94}"
EndProject
Project("{9A19103F-16F7-4668-BE54-9A1E7A4F7556}") = "TestWebApplication", "TestWebApplication\TestWebApplication.csproj", "{7F296235-B395-4D3F-88E1-9B15C6FD9FBF}"
EndProject
Project("{FAE04EC0-301F-11D3-BF4B-00C04F79EFBC}") = "TestWebService", "TestWebService\TestWebService.csproj", "{237B11E2-11B4-4294-BFD3-90D0DF9AEA3C}"
EndProject
Project("{FAE04EC0-301F-11D3-BF4B-00C04F79EFBC}") = "TestInvockWebServiceConsoleApp", "TestInvockWebServiceConsoleApp\TestInvockWebServiceConsoleApp.csproj", "{9ADC7971-AE05-48D5-989B-E1C95751204A}"
	ProjectSection(ProjectDependencies) = postProject
		{237B11E2-11B4-4294-BFD3-90D0DF9AEA3C} = {237B11E2-11B4-4294-BFD3-90D0DF9AEA3C}
	EndProjectSection
EndProject
Project("{FAE04EC0-301F-11D3-BF4B-00C04F79EFBC}") = "TestAliHealthConsoleApp", "TestAliHealthConsoleApp\TestAliHealthConsoleApp.csproj", "{2023F8B6-80AE-4D7B-93AA-D538120D539B}"
EndProject
Project("{FAE04EC0-301F-11D3-BF4B-00C04F79EFBC}") = "PfxCsp", "PfxCsp\PfxCsp.csproj", "{EB210750-90DE-4D89-8804-36F6E06E966A}"
EndProject
Project("{FAE04EC0-301F-11D3-BF4B-00C04F79EFBC}") = "WindowsFormsApp1", "WindowsFormsApp1\WindowsFormsApp1.csproj", "{1EB6D8FA-7F8F-4011-9A01-3AF400404BC1}"
EndProject
Project("{FAE04EC0-301F-11D3-BF4B-00C04F79EFBC}") = "TestEmbeddedExeWindowsFormsApp", "TestEmbeddedExeWindowsFormsApp\TestEmbeddedExeWindowsFormsApp.csproj", "{7BF5E8BB-139F-4272-8857-6915FDF8FB96}"
EndProject
Project("{FAE04EC0-301F-11D3-BF4B-00C04F79EFBC}") = "TestNewFeature8ConsoleApp", "TestNewFeature8ConsoleApp\TestNewFeature8ConsoleApp.csproj", "{A95E2B63-354E-4E28-A03A-9D4F76E584A7}"
EndProject
Project("{FAE04EC0-301F-11D3-BF4B-00C04F79EFBC}") = "TestMobileApp.Android", "TestMobileApp\TestMobileApp.Android\TestMobileApp.Android.csproj", "{7D443F32-819D-4D3E-981F-B17099D8F197}"
EndProject
Project("{FAE04EC0-301F-11D3-BF4B-00C04F79EFBC}") = "TestMobileApp.iOS", "TestMobileApp\TestMobileApp.iOS\TestMobileApp.iOS.csproj", "{781E3AB1-EAF0-4780-87C3-07846E783979}"
EndProject
Project("{9A19103F-16F7-4668-BE54-9A1E7A4F7556}") = "TestMobileApp", "TestMobileApp\TestMobileApp\TestMobileApp.csproj", "{5C6D5A2B-EECB-4904-BE10-09F4A1D7525C}"
EndProject
Project("{2150E333-8FDC-42A3-9474-1A3956D46DE8}") = "TestMobileApp", "TestMobileApp", "{B11B536E-EE40-463E-922C-10B4EDEC95C3}"
EndProject
Project("{FAE04EC0-301F-11D3-BF4B-00C04F79EFBC}") = "TestNRulesConsoleApp", "TestNRulesConsoleApp\TestNRulesConsoleApp.csproj", "{1C3172F7-9E54-47DA-B4CB-93C8800FC234}"
EndProject
Project("{2150E333-8FDC-42A3-9474-1A3956D46DE8}") = "TestJWT", "TestJWT", "{9884B8E7-2DAB-4904-B401-91F8F72F91E6}"
EndProject
Project("{9A19103F-16F7-4668-BE54-9A1E7A4F7556}") = "TestJWTIdentityWebApplication", "TestJWTIdentityWebApplication\TestJWTIdentityWebApplication.csproj", "{AB42762E-2BC5-45E5-87F1-1ECBDDB3C8A4}"
EndProject
Project("{9A19103F-16F7-4668-BE54-9A1E7A4F7556}") = "TetJWTConsoleApp", "TetJWTConsoleApp\TetJWTConsoleApp.csproj", "{6B660474-ED8A-44B0-BBEC-340CB9242EEA}"
EndProject
Project("{FAE04EC0-301F-11D3-BF4B-00C04F79EFBC}") = "TestRedisConsoleApp", "TestRedisConsoleApp\TestRedisConsoleApp.csproj", "{98007454-29AB-4B1E-ACAD-8D946392B5B9}"
EndProject
Project("{2150E333-8FDC-42A3-9474-1A3956D46DE8}") = "TestRedis", "TestRedis", "{AEBE0395-7D50-451B-8085-182503D18670}"
EndProject
Project("{FAE04EC0-301F-11D3-BF4B-00C04F79EFBC}") = "TestRedisPubConsoleApp", "TestRedisPubConsoleApp\TestRedisPubConsoleApp.csproj", "{035F10A1-8829-4D19-A227-56E09CA2F59B}"
EndProject
Global
	GlobalSection(SolutionConfigurationPlatforms) = preSolution
		Debug|Any CPU = Debug|Any CPU
		Debug|iPhone = Debug|iPhone
		Debug|iPhoneSimulator = Debug|iPhoneSimulator
		Release|Any CPU = Release|Any CPU
		Release|iPhone = Release|iPhone
		Release|iPhoneSimulator = Release|iPhoneSimulator
	EndGlobalSection
	GlobalSection(ProjectConfigurationPlatforms) = postSolution
		{ABE68ECC-DF93-4B94-B226-6ABE3BA0995B}.Debug|Any CPU.ActiveCfg = Debug|Any CPU
		{ABE68ECC-DF93-4B94-B226-6ABE3BA0995B}.Debug|Any CPU.Build.0 = Debug|Any CPU
		{ABE68ECC-DF93-4B94-B226-6ABE3BA0995B}.Debug|iPhone.ActiveCfg = Debug|Any CPU
		{ABE68ECC-DF93-4B94-B226-6ABE3BA0995B}.Debug|iPhone.Build.0 = Debug|Any CPU
		{ABE68ECC-DF93-4B94-B226-6ABE3BA0995B}.Debug|iPhoneSimulator.ActiveCfg = Debug|Any CPU
		{ABE68ECC-DF93-4B94-B226-6ABE3BA0995B}.Debug|iPhoneSimulator.Build.0 = Debug|Any CPU
		{ABE68ECC-DF93-4B94-B226-6ABE3BA0995B}.Release|Any CPU.ActiveCfg = Release|Any CPU
		{ABE68ECC-DF93-4B94-B226-6ABE3BA0995B}.Release|Any CPU.Build.0 = Release|Any CPU
		{ABE68ECC-DF93-4B94-B226-6ABE3BA0995B}.Release|iPhone.ActiveCfg = Release|Any CPU
		{ABE68ECC-DF93-4B94-B226-6ABE3BA0995B}.Release|iPhone.Build.0 = Release|Any CPU
		{ABE68ECC-DF93-4B94-B226-6ABE3BA0995B}.Release|iPhoneSimulator.ActiveCfg = Release|Any CPU
		{ABE68ECC-DF93-4B94-B226-6ABE3BA0995B}.Release|iPhoneSimulator.Build.0 = Release|Any CPU
		{1DF63DAD-68C8-4A5B-B2D3-891FFBA12A64}.Debug|Any CPU.ActiveCfg = Debug|Any CPU
		{1DF63DAD-68C8-4A5B-B2D3-891FFBA12A64}.Debug|Any CPU.Build.0 = Debug|Any CPU
		{1DF63DAD-68C8-4A5B-B2D3-891FFBA12A64}.Debug|iPhone.ActiveCfg = Debug|Any CPU
		{1DF63DAD-68C8-4A5B-B2D3-891FFBA12A64}.Debug|iPhone.Build.0 = Debug|Any CPU
		{1DF63DAD-68C8-4A5B-B2D3-891FFBA12A64}.Debug|iPhoneSimulator.ActiveCfg = Debug|Any CPU
		{1DF63DAD-68C8-4A5B-B2D3-891FFBA12A64}.Debug|iPhoneSimulator.Build.0 = Debug|Any CPU
		{1DF63DAD-68C8-4A5B-B2D3-891FFBA12A64}.Release|Any CPU.ActiveCfg = Release|Any CPU
		{1DF63DAD-68C8-4A5B-B2D3-891FFBA12A64}.Release|Any CPU.Build.0 = Release|Any CPU
		{1DF63DAD-68C8-4A5B-B2D3-891FFBA12A64}.Release|iPhone.ActiveCfg = Release|Any CPU
		{1DF63DAD-68C8-4A5B-B2D3-891FFBA12A64}.Release|iPhone.Build.0 = Release|Any CPU
		{1DF63DAD-68C8-4A5B-B2D3-891FFBA12A64}.Release|iPhoneSimulator.ActiveCfg = Release|Any CPU
		{1DF63DAD-68C8-4A5B-B2D3-891FFBA12A64}.Release|iPhoneSimulator.Build.0 = Release|Any CPU
		{24928560-E507-42C7-BCEE-268692AC9A2A}.Debug|Any CPU.ActiveCfg = Debug|Any CPU
		{24928560-E507-42C7-BCEE-268692AC9A2A}.Debug|Any CPU.Build.0 = Debug|Any CPU
		{24928560-E507-42C7-BCEE-268692AC9A2A}.Debug|iPhone.ActiveCfg = Debug|Any CPU
		{24928560-E507-42C7-BCEE-268692AC9A2A}.Debug|iPhone.Build.0 = Debug|Any CPU
		{24928560-E507-42C7-BCEE-268692AC9A2A}.Debug|iPhoneSimulator.ActiveCfg = Debug|Any CPU
		{24928560-E507-42C7-BCEE-268692AC9A2A}.Debug|iPhoneSimulator.Build.0 = Debug|Any CPU
		{24928560-E507-42C7-BCEE-268692AC9A2A}.Release|Any CPU.ActiveCfg = Release|Any CPU
		{24928560-E507-42C7-BCEE-268692AC9A2A}.Release|Any CPU.Build.0 = Release|Any CPU
		{24928560-E507-42C7-BCEE-268692AC9A2A}.Release|iPhone.ActiveCfg = Release|Any CPU
		{24928560-E507-42C7-BCEE-268692AC9A2A}.Release|iPhone.Build.0 = Release|Any CPU
		{24928560-E507-42C7-BCEE-268692AC9A2A}.Release|iPhoneSimulator.ActiveCfg = Release|Any CPU
		{24928560-E507-42C7-BCEE-268692AC9A2A}.Release|iPhoneSimulator.Build.0 = Release|Any CPU
		{083D5074-9258-4DEC-B4B1-742E63ABD4C4}.Debug|Any CPU.ActiveCfg = Debug|Any CPU
		{083D5074-9258-4DEC-B4B1-742E63ABD4C4}.Debug|Any CPU.Build.0 = Debug|Any CPU
		{083D5074-9258-4DEC-B4B1-742E63ABD4C4}.Debug|iPhone.ActiveCfg = Debug|Any CPU
		{083D5074-9258-4DEC-B4B1-742E63ABD4C4}.Debug|iPhone.Build.0 = Debug|Any CPU
		{083D5074-9258-4DEC-B4B1-742E63ABD4C4}.Debug|iPhoneSimulator.ActiveCfg = Debug|Any CPU
		{083D5074-9258-4DEC-B4B1-742E63ABD4C4}.Debug|iPhoneSimulator.Build.0 = Debug|Any CPU
		{083D5074-9258-4DEC-B4B1-742E63ABD4C4}.Release|Any CPU.ActiveCfg = Release|Any CPU
		{083D5074-9258-4DEC-B4B1-742E63ABD4C4}.Release|Any CPU.Build.0 = Release|Any CPU
		{083D5074-9258-4DEC-B4B1-742E63ABD4C4}.Release|iPhone.ActiveCfg = Release|Any CPU
		{083D5074-9258-4DEC-B4B1-742E63ABD4C4}.Release|iPhone.Build.0 = Release|Any CPU
		{083D5074-9258-4DEC-B4B1-742E63ABD4C4}.Release|iPhoneSimulator.ActiveCfg = Release|Any CPU
		{083D5074-9258-4DEC-B4B1-742E63ABD4C4}.Release|iPhoneSimulator.Build.0 = Release|Any CPU
		{3325E65D-EB97-4C33-9412-002635807BD0}.Debug|Any CPU.ActiveCfg = Debug|Any CPU
		{3325E65D-EB97-4C33-9412-002635807BD0}.Debug|Any CPU.Build.0 = Debug|Any CPU
		{3325E65D-EB97-4C33-9412-002635807BD0}.Debug|Any CPU.Deploy.0 = Debug|Any CPU
		{3325E65D-EB97-4C33-9412-002635807BD0}.Debug|iPhone.ActiveCfg = Debug|Any CPU
		{3325E65D-EB97-4C33-9412-002635807BD0}.Debug|iPhone.Build.0 = Debug|Any CPU
		{3325E65D-EB97-4C33-9412-002635807BD0}.Debug|iPhone.Deploy.0 = Debug|Any CPU
		{3325E65D-EB97-4C33-9412-002635807BD0}.Debug|iPhoneSimulator.ActiveCfg = Debug|Any CPU
		{3325E65D-EB97-4C33-9412-002635807BD0}.Debug|iPhoneSimulator.Build.0 = Debug|Any CPU
		{3325E65D-EB97-4C33-9412-002635807BD0}.Debug|iPhoneSimulator.Deploy.0 = Debug|Any CPU
		{3325E65D-EB97-4C33-9412-002635807BD0}.Release|Any CPU.ActiveCfg = Release|Any CPU
		{3325E65D-EB97-4C33-9412-002635807BD0}.Release|Any CPU.Build.0 = Release|Any CPU
		{3325E65D-EB97-4C33-9412-002635807BD0}.Release|Any CPU.Deploy.0 = Release|Any CPU
		{3325E65D-EB97-4C33-9412-002635807BD0}.Release|iPhone.ActiveCfg = Release|Any CPU
		{3325E65D-EB97-4C33-9412-002635807BD0}.Release|iPhone.Build.0 = Release|Any CPU
		{3325E65D-EB97-4C33-9412-002635807BD0}.Release|iPhone.Deploy.0 = Release|Any CPU
		{3325E65D-EB97-4C33-9412-002635807BD0}.Release|iPhoneSimulator.ActiveCfg = Release|Any CPU
		{3325E65D-EB97-4C33-9412-002635807BD0}.Release|iPhoneSimulator.Build.0 = Release|Any CPU
		{3325E65D-EB97-4C33-9412-002635807BD0}.Release|iPhoneSimulator.Deploy.0 = Release|Any CPU
		{2ED50C31-582B-4642-A18E-11023EF5A731}.Debug|Any CPU.ActiveCfg = Debug|Any CPU
		{2ED50C31-582B-4642-A18E-11023EF5A731}.Debug|Any CPU.Build.0 = Debug|Any CPU
		{2ED50C31-582B-4642-A18E-11023EF5A731}.Debug|iPhone.ActiveCfg = Debug|Any CPU
		{2ED50C31-582B-4642-A18E-11023EF5A731}.Debug|iPhone.Build.0 = Debug|Any CPU
		{2ED50C31-582B-4642-A18E-11023EF5A731}.Debug|iPhoneSimulator.ActiveCfg = Debug|Any CPU
		{2ED50C31-582B-4642-A18E-11023EF5A731}.Debug|iPhoneSimulator.Build.0 = Debug|Any CPU
		{2ED50C31-582B-4642-A18E-11023EF5A731}.Release|Any CPU.ActiveCfg = Release|Any CPU
		{2ED50C31-582B-4642-A18E-11023EF5A731}.Release|Any CPU.Build.0 = Release|Any CPU
		{2ED50C31-582B-4642-A18E-11023EF5A731}.Release|iPhone.ActiveCfg = Release|Any CPU
		{2ED50C31-582B-4642-A18E-11023EF5A731}.Release|iPhone.Build.0 = Release|Any CPU
		{2ED50C31-582B-4642-A18E-11023EF5A731}.Release|iPhoneSimulator.ActiveCfg = Release|Any CPU
		{2ED50C31-582B-4642-A18E-11023EF5A731}.Release|iPhoneSimulator.Build.0 = Release|Any CPU
		{BCEDADB9-A3D4-4E8D-BD79-F103F1BFA283}.Debug|Any CPU.ActiveCfg = Debug|Any CPU
		{BCEDADB9-A3D4-4E8D-BD79-F103F1BFA283}.Debug|Any CPU.Build.0 = Debug|Any CPU
		{BCEDADB9-A3D4-4E8D-BD79-F103F1BFA283}.Debug|iPhone.ActiveCfg = Debug|Any CPU
		{BCEDADB9-A3D4-4E8D-BD79-F103F1BFA283}.Debug|iPhone.Build.0 = Debug|Any CPU
		{BCEDADB9-A3D4-4E8D-BD79-F103F1BFA283}.Debug|iPhoneSimulator.ActiveCfg = Debug|Any CPU
		{BCEDADB9-A3D4-4E8D-BD79-F103F1BFA283}.Debug|iPhoneSimulator.Build.0 = Debug|Any CPU
		{BCEDADB9-A3D4-4E8D-BD79-F103F1BFA283}.Release|Any CPU.ActiveCfg = Release|Any CPU
		{BCEDADB9-A3D4-4E8D-BD79-F103F1BFA283}.Release|Any CPU.Build.0 = Release|Any CPU
		{BCEDADB9-A3D4-4E8D-BD79-F103F1BFA283}.Release|iPhone.ActiveCfg = Release|Any CPU
		{BCEDADB9-A3D4-4E8D-BD79-F103F1BFA283}.Release|iPhone.Build.0 = Release|Any CPU
		{BCEDADB9-A3D4-4E8D-BD79-F103F1BFA283}.Release|iPhoneSimulator.ActiveCfg = Release|Any CPU
		{BCEDADB9-A3D4-4E8D-BD79-F103F1BFA283}.Release|iPhoneSimulator.Build.0 = Release|Any CPU
		{AE944712-9E93-44C7-B548-5E012F5BB880}.Debug|Any CPU.ActiveCfg = Debug|Any CPU
		{AE944712-9E93-44C7-B548-5E012F5BB880}.Debug|Any CPU.Build.0 = Debug|Any CPU
		{AE944712-9E93-44C7-B548-5E012F5BB880}.Debug|iPhone.ActiveCfg = Debug|Any CPU
		{AE944712-9E93-44C7-B548-5E012F5BB880}.Debug|iPhone.Build.0 = Debug|Any CPU
		{AE944712-9E93-44C7-B548-5E012F5BB880}.Debug|iPhoneSimulator.ActiveCfg = Debug|Any CPU
		{AE944712-9E93-44C7-B548-5E012F5BB880}.Debug|iPhoneSimulator.Build.0 = Debug|Any CPU
		{AE944712-9E93-44C7-B548-5E012F5BB880}.Release|Any CPU.ActiveCfg = Release|Any CPU
		{AE944712-9E93-44C7-B548-5E012F5BB880}.Release|Any CPU.Build.0 = Release|Any CPU
		{AE944712-9E93-44C7-B548-5E012F5BB880}.Release|iPhone.ActiveCfg = Release|Any CPU
		{AE944712-9E93-44C7-B548-5E012F5BB880}.Release|iPhone.Build.0 = Release|Any CPU
		{AE944712-9E93-44C7-B548-5E012F5BB880}.Release|iPhoneSimulator.ActiveCfg = Release|Any CPU
		{AE944712-9E93-44C7-B548-5E012F5BB880}.Release|iPhoneSimulator.Build.0 = Release|Any CPU
		{68606840-0F11-458E-87F3-D241820D808E}.Debug|Any CPU.ActiveCfg = Debug|Any CPU
		{68606840-0F11-458E-87F3-D241820D808E}.Debug|Any CPU.Build.0 = Debug|Any CPU
		{68606840-0F11-458E-87F3-D241820D808E}.Debug|iPhone.ActiveCfg = Debug|Any CPU
		{68606840-0F11-458E-87F3-D241820D808E}.Debug|iPhone.Build.0 = Debug|Any CPU
		{68606840-0F11-458E-87F3-D241820D808E}.Debug|iPhoneSimulator.ActiveCfg = Debug|Any CPU
		{68606840-0F11-458E-87F3-D241820D808E}.Debug|iPhoneSimulator.Build.0 = Debug|Any CPU
		{68606840-0F11-458E-87F3-D241820D808E}.Release|Any CPU.ActiveCfg = Release|Any CPU
		{68606840-0F11-458E-87F3-D241820D808E}.Release|Any CPU.Build.0 = Release|Any CPU
		{68606840-0F11-458E-87F3-D241820D808E}.Release|iPhone.ActiveCfg = Release|Any CPU
		{68606840-0F11-458E-87F3-D241820D808E}.Release|iPhone.Build.0 = Release|Any CPU
		{68606840-0F11-458E-87F3-D241820D808E}.Release|iPhoneSimulator.ActiveCfg = Release|Any CPU
		{68606840-0F11-458E-87F3-D241820D808E}.Release|iPhoneSimulator.Build.0 = Release|Any CPU
		{563EC46F-699F-4AF2-A1FD-0C3AEB61E75F}.Debug|Any CPU.ActiveCfg = Debug|Any CPU
		{563EC46F-699F-4AF2-A1FD-0C3AEB61E75F}.Debug|Any CPU.Build.0 = Debug|Any CPU
		{563EC46F-699F-4AF2-A1FD-0C3AEB61E75F}.Debug|Any CPU.Deploy.0 = Debug|Any CPU
		{563EC46F-699F-4AF2-A1FD-0C3AEB61E75F}.Debug|iPhone.ActiveCfg = Debug|Any CPU
		{563EC46F-699F-4AF2-A1FD-0C3AEB61E75F}.Debug|iPhone.Build.0 = Debug|Any CPU
		{563EC46F-699F-4AF2-A1FD-0C3AEB61E75F}.Debug|iPhone.Deploy.0 = Debug|Any CPU
		{563EC46F-699F-4AF2-A1FD-0C3AEB61E75F}.Debug|iPhoneSimulator.ActiveCfg = Debug|Any CPU
		{563EC46F-699F-4AF2-A1FD-0C3AEB61E75F}.Debug|iPhoneSimulator.Build.0 = Debug|Any CPU
		{563EC46F-699F-4AF2-A1FD-0C3AEB61E75F}.Debug|iPhoneSimulator.Deploy.0 = Debug|Any CPU
		{563EC46F-699F-4AF2-A1FD-0C3AEB61E75F}.Release|Any CPU.ActiveCfg = Release|Any CPU
		{563EC46F-699F-4AF2-A1FD-0C3AEB61E75F}.Release|Any CPU.Build.0 = Release|Any CPU
		{563EC46F-699F-4AF2-A1FD-0C3AEB61E75F}.Release|Any CPU.Deploy.0 = Release|Any CPU
		{563EC46F-699F-4AF2-A1FD-0C3AEB61E75F}.Release|iPhone.ActiveCfg = Release|Any CPU
		{563EC46F-699F-4AF2-A1FD-0C3AEB61E75F}.Release|iPhone.Build.0 = Release|Any CPU
		{563EC46F-699F-4AF2-A1FD-0C3AEB61E75F}.Release|iPhone.Deploy.0 = Release|Any CPU
		{563EC46F-699F-4AF2-A1FD-0C3AEB61E75F}.Release|iPhoneSimulator.ActiveCfg = Release|Any CPU
		{563EC46F-699F-4AF2-A1FD-0C3AEB61E75F}.Release|iPhoneSimulator.Build.0 = Release|Any CPU
		{563EC46F-699F-4AF2-A1FD-0C3AEB61E75F}.Release|iPhoneSimulator.Deploy.0 = Release|Any CPU
		{66E5F47B-360B-4791-848A-ADF405EE3B48}.Debug|Any CPU.ActiveCfg = Debug|Any CPU
		{66E5F47B-360B-4791-848A-ADF405EE3B48}.Debug|Any CPU.Build.0 = Debug|Any CPU
		{66E5F47B-360B-4791-848A-ADF405EE3B48}.Debug|iPhone.ActiveCfg = Debug|Any CPU
		{66E5F47B-360B-4791-848A-ADF405EE3B48}.Debug|iPhone.Build.0 = Debug|Any CPU
		{66E5F47B-360B-4791-848A-ADF405EE3B48}.Debug|iPhoneSimulator.ActiveCfg = Debug|Any CPU
		{66E5F47B-360B-4791-848A-ADF405EE3B48}.Debug|iPhoneSimulator.Build.0 = Debug|Any CPU
		{66E5F47B-360B-4791-848A-ADF405EE3B48}.Release|Any CPU.ActiveCfg = Release|Any CPU
		{66E5F47B-360B-4791-848A-ADF405EE3B48}.Release|Any CPU.Build.0 = Release|Any CPU
		{66E5F47B-360B-4791-848A-ADF405EE3B48}.Release|iPhone.ActiveCfg = Release|Any CPU
		{66E5F47B-360B-4791-848A-ADF405EE3B48}.Release|iPhone.Build.0 = Release|Any CPU
		{66E5F47B-360B-4791-848A-ADF405EE3B48}.Release|iPhoneSimulator.ActiveCfg = Release|Any CPU
		{66E5F47B-360B-4791-848A-ADF405EE3B48}.Release|iPhoneSimulator.Build.0 = Release|Any CPU
		{2411D90F-C500-47CC-A3A0-88A062A0FFF7}.Debug|Any CPU.ActiveCfg = Debug|Any CPU
		{2411D90F-C500-47CC-A3A0-88A062A0FFF7}.Debug|Any CPU.Build.0 = Debug|Any CPU
		{2411D90F-C500-47CC-A3A0-88A062A0FFF7}.Debug|iPhone.ActiveCfg = Debug|Any CPU
		{2411D90F-C500-47CC-A3A0-88A062A0FFF7}.Debug|iPhone.Build.0 = Debug|Any CPU
		{2411D90F-C500-47CC-A3A0-88A062A0FFF7}.Debug|iPhoneSimulator.ActiveCfg = Debug|Any CPU
		{2411D90F-C500-47CC-A3A0-88A062A0FFF7}.Debug|iPhoneSimulator.Build.0 = Debug|Any CPU
		{2411D90F-C500-47CC-A3A0-88A062A0FFF7}.Release|Any CPU.ActiveCfg = Release|Any CPU
		{2411D90F-C500-47CC-A3A0-88A062A0FFF7}.Release|Any CPU.Build.0 = Release|Any CPU
		{2411D90F-C500-47CC-A3A0-88A062A0FFF7}.Release|iPhone.ActiveCfg = Release|Any CPU
		{2411D90F-C500-47CC-A3A0-88A062A0FFF7}.Release|iPhone.Build.0 = Release|Any CPU
		{2411D90F-C500-47CC-A3A0-88A062A0FFF7}.Release|iPhoneSimulator.ActiveCfg = Release|Any CPU
		{2411D90F-C500-47CC-A3A0-88A062A0FFF7}.Release|iPhoneSimulator.Build.0 = Release|Any CPU
		{CC711665-E0D3-4D55-8548-D011B3133D94}.Debug|Any CPU.ActiveCfg = Debug|Any CPU
		{CC711665-E0D3-4D55-8548-D011B3133D94}.Debug|Any CPU.Build.0 = Debug|Any CPU
		{CC711665-E0D3-4D55-8548-D011B3133D94}.Debug|iPhone.ActiveCfg = Debug|Any CPU
		{CC711665-E0D3-4D55-8548-D011B3133D94}.Debug|iPhone.Build.0 = Debug|Any CPU
		{CC711665-E0D3-4D55-8548-D011B3133D94}.Debug|iPhoneSimulator.ActiveCfg = Debug|Any CPU
		{CC711665-E0D3-4D55-8548-D011B3133D94}.Debug|iPhoneSimulator.Build.0 = Debug|Any CPU
		{CC711665-E0D3-4D55-8548-D011B3133D94}.Release|Any CPU.ActiveCfg = Release|Any CPU
		{CC711665-E0D3-4D55-8548-D011B3133D94}.Release|Any CPU.Build.0 = Release|Any CPU
		{CC711665-E0D3-4D55-8548-D011B3133D94}.Release|iPhone.ActiveCfg = Release|Any CPU
		{CC711665-E0D3-4D55-8548-D011B3133D94}.Release|iPhone.Build.0 = Release|Any CPU
		{CC711665-E0D3-4D55-8548-D011B3133D94}.Release|iPhoneSimulator.ActiveCfg = Release|Any CPU
		{CC711665-E0D3-4D55-8548-D011B3133D94}.Release|iPhoneSimulator.Build.0 = Release|Any CPU
		{7F296235-B395-4D3F-88E1-9B15C6FD9FBF}.Debug|Any CPU.ActiveCfg = Debug|Any CPU
		{7F296235-B395-4D3F-88E1-9B15C6FD9FBF}.Debug|Any CPU.Build.0 = Debug|Any CPU
		{7F296235-B395-4D3F-88E1-9B15C6FD9FBF}.Debug|iPhone.ActiveCfg = Debug|Any CPU
		{7F296235-B395-4D3F-88E1-9B15C6FD9FBF}.Debug|iPhone.Build.0 = Debug|Any CPU
		{7F296235-B395-4D3F-88E1-9B15C6FD9FBF}.Debug|iPhoneSimulator.ActiveCfg = Debug|Any CPU
		{7F296235-B395-4D3F-88E1-9B15C6FD9FBF}.Debug|iPhoneSimulator.Build.0 = Debug|Any CPU
		{7F296235-B395-4D3F-88E1-9B15C6FD9FBF}.Release|Any CPU.ActiveCfg = Release|Any CPU
		{7F296235-B395-4D3F-88E1-9B15C6FD9FBF}.Release|Any CPU.Build.0 = Release|Any CPU
		{7F296235-B395-4D3F-88E1-9B15C6FD9FBF}.Release|iPhone.ActiveCfg = Release|Any CPU
		{7F296235-B395-4D3F-88E1-9B15C6FD9FBF}.Release|iPhone.Build.0 = Release|Any CPU
		{7F296235-B395-4D3F-88E1-9B15C6FD9FBF}.Release|iPhoneSimulator.ActiveCfg = Release|Any CPU
		{7F296235-B395-4D3F-88E1-9B15C6FD9FBF}.Release|iPhoneSimulator.Build.0 = Release|Any CPU
		{237B11E2-11B4-4294-BFD3-90D0DF9AEA3C}.Debug|Any CPU.ActiveCfg = Debug|Any CPU
		{237B11E2-11B4-4294-BFD3-90D0DF9AEA3C}.Debug|Any CPU.Build.0 = Debug|Any CPU
		{237B11E2-11B4-4294-BFD3-90D0DF9AEA3C}.Debug|iPhone.ActiveCfg = Debug|Any CPU
		{237B11E2-11B4-4294-BFD3-90D0DF9AEA3C}.Debug|iPhone.Build.0 = Debug|Any CPU
		{237B11E2-11B4-4294-BFD3-90D0DF9AEA3C}.Debug|iPhoneSimulator.ActiveCfg = Debug|Any CPU
		{237B11E2-11B4-4294-BFD3-90D0DF9AEA3C}.Debug|iPhoneSimulator.Build.0 = Debug|Any CPU
		{237B11E2-11B4-4294-BFD3-90D0DF9AEA3C}.Release|Any CPU.ActiveCfg = Release|Any CPU
		{237B11E2-11B4-4294-BFD3-90D0DF9AEA3C}.Release|Any CPU.Build.0 = Release|Any CPU
		{237B11E2-11B4-4294-BFD3-90D0DF9AEA3C}.Release|iPhone.ActiveCfg = Release|Any CPU
		{237B11E2-11B4-4294-BFD3-90D0DF9AEA3C}.Release|iPhone.Build.0 = Release|Any CPU
		{237B11E2-11B4-4294-BFD3-90D0DF9AEA3C}.Release|iPhoneSimulator.ActiveCfg = Release|Any CPU
		{237B11E2-11B4-4294-BFD3-90D0DF9AEA3C}.Release|iPhoneSimulator.Build.0 = Release|Any CPU
		{9ADC7971-AE05-48D5-989B-E1C95751204A}.Debug|Any CPU.ActiveCfg = Debug|Any CPU
		{9ADC7971-AE05-48D5-989B-E1C95751204A}.Debug|Any CPU.Build.0 = Debug|Any CPU
		{9ADC7971-AE05-48D5-989B-E1C95751204A}.Debug|iPhone.ActiveCfg = Debug|Any CPU
		{9ADC7971-AE05-48D5-989B-E1C95751204A}.Debug|iPhone.Build.0 = Debug|Any CPU
		{9ADC7971-AE05-48D5-989B-E1C95751204A}.Debug|iPhoneSimulator.ActiveCfg = Debug|Any CPU
		{9ADC7971-AE05-48D5-989B-E1C95751204A}.Debug|iPhoneSimulator.Build.0 = Debug|Any CPU
		{9ADC7971-AE05-48D5-989B-E1C95751204A}.Release|Any CPU.ActiveCfg = Release|Any CPU
		{9ADC7971-AE05-48D5-989B-E1C95751204A}.Release|Any CPU.Build.0 = Release|Any CPU
		{9ADC7971-AE05-48D5-989B-E1C95751204A}.Release|iPhone.ActiveCfg = Release|Any CPU
		{9ADC7971-AE05-48D5-989B-E1C95751204A}.Release|iPhone.Build.0 = Release|Any CPU
		{9ADC7971-AE05-48D5-989B-E1C95751204A}.Release|iPhoneSimulator.ActiveCfg = Release|Any CPU
		{9ADC7971-AE05-48D5-989B-E1C95751204A}.Release|iPhoneSimulator.Build.0 = Release|Any CPU
		{2023F8B6-80AE-4D7B-93AA-D538120D539B}.Debug|Any CPU.ActiveCfg = Debug|Any CPU
		{2023F8B6-80AE-4D7B-93AA-D538120D539B}.Debug|Any CPU.Build.0 = Debug|Any CPU
		{2023F8B6-80AE-4D7B-93AA-D538120D539B}.Debug|iPhone.ActiveCfg = Debug|Any CPU
		{2023F8B6-80AE-4D7B-93AA-D538120D539B}.Debug|iPhone.Build.0 = Debug|Any CPU
		{2023F8B6-80AE-4D7B-93AA-D538120D539B}.Debug|iPhoneSimulator.ActiveCfg = Debug|Any CPU
		{2023F8B6-80AE-4D7B-93AA-D538120D539B}.Debug|iPhoneSimulator.Build.0 = Debug|Any CPU
		{2023F8B6-80AE-4D7B-93AA-D538120D539B}.Release|Any CPU.ActiveCfg = Release|Any CPU
		{2023F8B6-80AE-4D7B-93AA-D538120D539B}.Release|Any CPU.Build.0 = Release|Any CPU
		{2023F8B6-80AE-4D7B-93AA-D538120D539B}.Release|iPhone.ActiveCfg = Release|Any CPU
		{2023F8B6-80AE-4D7B-93AA-D538120D539B}.Release|iPhone.Build.0 = Release|Any CPU
		{2023F8B6-80AE-4D7B-93AA-D538120D539B}.Release|iPhoneSimulator.ActiveCfg = Release|Any CPU
		{2023F8B6-80AE-4D7B-93AA-D538120D539B}.Release|iPhoneSimulator.Build.0 = Release|Any CPU
		{EB210750-90DE-4D89-8804-36F6E06E966A}.Debug|Any CPU.ActiveCfg = Debug|Any CPU
		{EB210750-90DE-4D89-8804-36F6E06E966A}.Debug|Any CPU.Build.0 = Debug|Any CPU
		{EB210750-90DE-4D89-8804-36F6E06E966A}.Debug|iPhone.ActiveCfg = Debug|Any CPU
		{EB210750-90DE-4D89-8804-36F6E06E966A}.Debug|iPhone.Build.0 = Debug|Any CPU
		{EB210750-90DE-4D89-8804-36F6E06E966A}.Debug|iPhoneSimulator.ActiveCfg = Debug|Any CPU
		{EB210750-90DE-4D89-8804-36F6E06E966A}.Debug|iPhoneSimulator.Build.0 = Debug|Any CPU
		{EB210750-90DE-4D89-8804-36F6E06E966A}.Release|Any CPU.ActiveCfg = Release|Any CPU
		{EB210750-90DE-4D89-8804-36F6E06E966A}.Release|Any CPU.Build.0 = Release|Any CPU
		{EB210750-90DE-4D89-8804-36F6E06E966A}.Release|iPhone.ActiveCfg = Release|Any CPU
		{EB210750-90DE-4D89-8804-36F6E06E966A}.Release|iPhone.Build.0 = Release|Any CPU
		{EB210750-90DE-4D89-8804-36F6E06E966A}.Release|iPhoneSimulator.ActiveCfg = Release|Any CPU
		{EB210750-90DE-4D89-8804-36F6E06E966A}.Release|iPhoneSimulator.Build.0 = Release|Any CPU
		{1EB6D8FA-7F8F-4011-9A01-3AF400404BC1}.Debug|Any CPU.ActiveCfg = Debug|Any CPU
		{1EB6D8FA-7F8F-4011-9A01-3AF400404BC1}.Debug|Any CPU.Build.0 = Debug|Any CPU
		{1EB6D8FA-7F8F-4011-9A01-3AF400404BC1}.Debug|iPhone.ActiveCfg = Debug|Any CPU
		{1EB6D8FA-7F8F-4011-9A01-3AF400404BC1}.Debug|iPhone.Build.0 = Debug|Any CPU
		{1EB6D8FA-7F8F-4011-9A01-3AF400404BC1}.Debug|iPhoneSimulator.ActiveCfg = Debug|Any CPU
		{1EB6D8FA-7F8F-4011-9A01-3AF400404BC1}.Debug|iPhoneSimulator.Build.0 = Debug|Any CPU
		{1EB6D8FA-7F8F-4011-9A01-3AF400404BC1}.Release|Any CPU.ActiveCfg = Release|Any CPU
		{1EB6D8FA-7F8F-4011-9A01-3AF400404BC1}.Release|Any CPU.Build.0 = Release|Any CPU
		{1EB6D8FA-7F8F-4011-9A01-3AF400404BC1}.Release|iPhone.ActiveCfg = Release|Any CPU
		{1EB6D8FA-7F8F-4011-9A01-3AF400404BC1}.Release|iPhone.Build.0 = Release|Any CPU
		{1EB6D8FA-7F8F-4011-9A01-3AF400404BC1}.Release|iPhoneSimulator.ActiveCfg = Release|Any CPU
		{1EB6D8FA-7F8F-4011-9A01-3AF400404BC1}.Release|iPhoneSimulator.Build.0 = Release|Any CPU
		{7BF5E8BB-139F-4272-8857-6915FDF8FB96}.Debug|Any CPU.ActiveCfg = Debug|Any CPU
		{7BF5E8BB-139F-4272-8857-6915FDF8FB96}.Debug|Any CPU.Build.0 = Debug|Any CPU
		{7BF5E8BB-139F-4272-8857-6915FDF8FB96}.Debug|iPhone.ActiveCfg = Debug|Any CPU
		{7BF5E8BB-139F-4272-8857-6915FDF8FB96}.Debug|iPhone.Build.0 = Debug|Any CPU
		{7BF5E8BB-139F-4272-8857-6915FDF8FB96}.Debug|iPhoneSimulator.ActiveCfg = Debug|Any CPU
		{7BF5E8BB-139F-4272-8857-6915FDF8FB96}.Debug|iPhoneSimulator.Build.0 = Debug|Any CPU
		{7BF5E8BB-139F-4272-8857-6915FDF8FB96}.Release|Any CPU.ActiveCfg = Release|Any CPU
		{7BF5E8BB-139F-4272-8857-6915FDF8FB96}.Release|Any CPU.Build.0 = Release|Any CPU
		{7BF5E8BB-139F-4272-8857-6915FDF8FB96}.Release|iPhone.ActiveCfg = Release|Any CPU
		{7BF5E8BB-139F-4272-8857-6915FDF8FB96}.Release|iPhone.Build.0 = Release|Any CPU
		{7BF5E8BB-139F-4272-8857-6915FDF8FB96}.Release|iPhoneSimulator.ActiveCfg = Release|Any CPU
		{7BF5E8BB-139F-4272-8857-6915FDF8FB96}.Release|iPhoneSimulator.Build.0 = Release|Any CPU
		{A95E2B63-354E-4E28-A03A-9D4F76E584A7}.Debug|Any CPU.ActiveCfg = Debug|Any CPU
		{A95E2B63-354E-4E28-A03A-9D4F76E584A7}.Debug|Any CPU.Build.0 = Debug|Any CPU
		{A95E2B63-354E-4E28-A03A-9D4F76E584A7}.Debug|iPhone.ActiveCfg = Debug|Any CPU
		{A95E2B63-354E-4E28-A03A-9D4F76E584A7}.Debug|iPhone.Build.0 = Debug|Any CPU
		{A95E2B63-354E-4E28-A03A-9D4F76E584A7}.Debug|iPhoneSimulator.ActiveCfg = Debug|Any CPU
		{A95E2B63-354E-4E28-A03A-9D4F76E584A7}.Debug|iPhoneSimulator.Build.0 = Debug|Any CPU
		{A95E2B63-354E-4E28-A03A-9D4F76E584A7}.Release|Any CPU.ActiveCfg = Release|Any CPU
		{A95E2B63-354E-4E28-A03A-9D4F76E584A7}.Release|Any CPU.Build.0 = Release|Any CPU
		{A95E2B63-354E-4E28-A03A-9D4F76E584A7}.Release|iPhone.ActiveCfg = Release|Any CPU
		{A95E2B63-354E-4E28-A03A-9D4F76E584A7}.Release|iPhone.Build.0 = Release|Any CPU
		{A95E2B63-354E-4E28-A03A-9D4F76E584A7}.Release|iPhoneSimulator.ActiveCfg = Release|Any CPU
		{A95E2B63-354E-4E28-A03A-9D4F76E584A7}.Release|iPhoneSimulator.Build.0 = Release|Any CPU
		{7D443F32-819D-4D3E-981F-B17099D8F197}.Debug|Any CPU.ActiveCfg = Debug|Any CPU
		{7D443F32-819D-4D3E-981F-B17099D8F197}.Debug|Any CPU.Build.0 = Debug|Any CPU
		{7D443F32-819D-4D3E-981F-B17099D8F197}.Debug|Any CPU.Deploy.0 = Debug|Any CPU
		{7D443F32-819D-4D3E-981F-B17099D8F197}.Debug|iPhone.ActiveCfg = Debug|Any CPU
		{7D443F32-819D-4D3E-981F-B17099D8F197}.Debug|iPhone.Build.0 = Debug|Any CPU
		{7D443F32-819D-4D3E-981F-B17099D8F197}.Debug|iPhone.Deploy.0 = Debug|Any CPU
		{7D443F32-819D-4D3E-981F-B17099D8F197}.Debug|iPhoneSimulator.ActiveCfg = Debug|Any CPU
		{7D443F32-819D-4D3E-981F-B17099D8F197}.Debug|iPhoneSimulator.Build.0 = Debug|Any CPU
		{7D443F32-819D-4D3E-981F-B17099D8F197}.Debug|iPhoneSimulator.Deploy.0 = Debug|Any CPU
		{7D443F32-819D-4D3E-981F-B17099D8F197}.Release|Any CPU.ActiveCfg = Release|Any CPU
		{7D443F32-819D-4D3E-981F-B17099D8F197}.Release|Any CPU.Build.0 = Release|Any CPU
		{7D443F32-819D-4D3E-981F-B17099D8F197}.Release|Any CPU.Deploy.0 = Release|Any CPU
		{7D443F32-819D-4D3E-981F-B17099D8F197}.Release|iPhone.ActiveCfg = Release|Any CPU
		{7D443F32-819D-4D3E-981F-B17099D8F197}.Release|iPhone.Build.0 = Release|Any CPU
		{7D443F32-819D-4D3E-981F-B17099D8F197}.Release|iPhone.Deploy.0 = Release|Any CPU
		{7D443F32-819D-4D3E-981F-B17099D8F197}.Release|iPhoneSimulator.ActiveCfg = Release|Any CPU
		{7D443F32-819D-4D3E-981F-B17099D8F197}.Release|iPhoneSimulator.Build.0 = Release|Any CPU
		{7D443F32-819D-4D3E-981F-B17099D8F197}.Release|iPhoneSimulator.Deploy.0 = Release|Any CPU
		{781E3AB1-EAF0-4780-87C3-07846E783979}.Debug|Any CPU.ActiveCfg = Debug|iPhone
		{781E3AB1-EAF0-4780-87C3-07846E783979}.Debug|iPhone.ActiveCfg = Debug|iPhone
		{781E3AB1-EAF0-4780-87C3-07846E783979}.Debug|iPhone.Build.0 = Debug|iPhone
		{781E3AB1-EAF0-4780-87C3-07846E783979}.Debug|iPhoneSimulator.ActiveCfg = Debug|iPhoneSimulator
		{781E3AB1-EAF0-4780-87C3-07846E783979}.Debug|iPhoneSimulator.Build.0 = Debug|iPhoneSimulator
		{781E3AB1-EAF0-4780-87C3-07846E783979}.Release|Any CPU.ActiveCfg = Release|iPhone
		{781E3AB1-EAF0-4780-87C3-07846E783979}.Release|iPhone.ActiveCfg = Release|iPhone
		{781E3AB1-EAF0-4780-87C3-07846E783979}.Release|iPhone.Build.0 = Release|iPhone
		{781E3AB1-EAF0-4780-87C3-07846E783979}.Release|iPhoneSimulator.ActiveCfg = Release|iPhoneSimulator
		{781E3AB1-EAF0-4780-87C3-07846E783979}.Release|iPhoneSimulator.Build.0 = Release|iPhoneSimulator
		{5C6D5A2B-EECB-4904-BE10-09F4A1D7525C}.Debug|Any CPU.ActiveCfg = Debug|Any CPU
		{5C6D5A2B-EECB-4904-BE10-09F4A1D7525C}.Debug|Any CPU.Build.0 = Debug|Any CPU
		{5C6D5A2B-EECB-4904-BE10-09F4A1D7525C}.Debug|iPhone.ActiveCfg = Debug|Any CPU
		{5C6D5A2B-EECB-4904-BE10-09F4A1D7525C}.Debug|iPhone.Build.0 = Debug|Any CPU
		{5C6D5A2B-EECB-4904-BE10-09F4A1D7525C}.Debug|iPhoneSimulator.ActiveCfg = Debug|Any CPU
		{5C6D5A2B-EECB-4904-BE10-09F4A1D7525C}.Debug|iPhoneSimulator.Build.0 = Debug|Any CPU
		{5C6D5A2B-EECB-4904-BE10-09F4A1D7525C}.Release|Any CPU.ActiveCfg = Release|Any CPU
		{5C6D5A2B-EECB-4904-BE10-09F4A1D7525C}.Release|Any CPU.Build.0 = Release|Any CPU
		{5C6D5A2B-EECB-4904-BE10-09F4A1D7525C}.Release|iPhone.ActiveCfg = Release|Any CPU
		{5C6D5A2B-EECB-4904-BE10-09F4A1D7525C}.Release|iPhone.Build.0 = Release|Any CPU
		{5C6D5A2B-EECB-4904-BE10-09F4A1D7525C}.Release|iPhoneSimulator.ActiveCfg = Release|Any CPU
		{5C6D5A2B-EECB-4904-BE10-09F4A1D7525C}.Release|iPhoneSimulator.Build.0 = Release|Any CPU
		{1C3172F7-9E54-47DA-B4CB-93C8800FC234}.Debug|Any CPU.ActiveCfg = Debug|Any CPU
		{1C3172F7-9E54-47DA-B4CB-93C8800FC234}.Debug|Any CPU.Build.0 = Debug|Any CPU
		{1C3172F7-9E54-47DA-B4CB-93C8800FC234}.Debug|iPhone.ActiveCfg = Debug|Any CPU
		{1C3172F7-9E54-47DA-B4CB-93C8800FC234}.Debug|iPhone.Build.0 = Debug|Any CPU
		{1C3172F7-9E54-47DA-B4CB-93C8800FC234}.Debug|iPhoneSimulator.ActiveCfg = Debug|Any CPU
		{1C3172F7-9E54-47DA-B4CB-93C8800FC234}.Debug|iPhoneSimulator.Build.0 = Debug|Any CPU
		{1C3172F7-9E54-47DA-B4CB-93C8800FC234}.Release|Any CPU.ActiveCfg = Release|Any CPU
		{1C3172F7-9E54-47DA-B4CB-93C8800FC234}.Release|Any CPU.Build.0 = Release|Any CPU
		{1C3172F7-9E54-47DA-B4CB-93C8800FC234}.Release|iPhone.ActiveCfg = Release|Any CPU
		{1C3172F7-9E54-47DA-B4CB-93C8800FC234}.Release|iPhone.Build.0 = Release|Any CPU
		{1C3172F7-9E54-47DA-B4CB-93C8800FC234}.Release|iPhoneSimulator.ActiveCfg = Release|Any CPU
		{1C3172F7-9E54-47DA-B4CB-93C8800FC234}.Release|iPhoneSimulator.Build.0 = Release|Any CPU
		{AB42762E-2BC5-45E5-87F1-1ECBDDB3C8A4}.Debug|Any CPU.ActiveCfg = Debug|Any CPU
		{AB42762E-2BC5-45E5-87F1-1ECBDDB3C8A4}.Debug|Any CPU.Build.0 = Debug|Any CPU
		{AB42762E-2BC5-45E5-87F1-1ECBDDB3C8A4}.Debug|iPhone.ActiveCfg = Debug|Any CPU
		{AB42762E-2BC5-45E5-87F1-1ECBDDB3C8A4}.Debug|iPhone.Build.0 = Debug|Any CPU
		{AB42762E-2BC5-45E5-87F1-1ECBDDB3C8A4}.Debug|iPhoneSimulator.ActiveCfg = Debug|Any CPU
		{AB42762E-2BC5-45E5-87F1-1ECBDDB3C8A4}.Debug|iPhoneSimulator.Build.0 = Debug|Any CPU
		{AB42762E-2BC5-45E5-87F1-1ECBDDB3C8A4}.Release|Any CPU.ActiveCfg = Release|Any CPU
		{AB42762E-2BC5-45E5-87F1-1ECBDDB3C8A4}.Release|Any CPU.Build.0 = Release|Any CPU
		{AB42762E-2BC5-45E5-87F1-1ECBDDB3C8A4}.Release|iPhone.ActiveCfg = Release|Any CPU
		{AB42762E-2BC5-45E5-87F1-1ECBDDB3C8A4}.Release|iPhone.Build.0 = Release|Any CPU
		{AB42762E-2BC5-45E5-87F1-1ECBDDB3C8A4}.Release|iPhoneSimulator.ActiveCfg = Release|Any CPU
		{AB42762E-2BC5-45E5-87F1-1ECBDDB3C8A4}.Release|iPhoneSimulator.Build.0 = Release|Any CPU
		{6B660474-ED8A-44B0-BBEC-340CB9242EEA}.Debug|Any CPU.ActiveCfg = Debug|Any CPU
		{6B660474-ED8A-44B0-BBEC-340CB9242EEA}.Debug|Any CPU.Build.0 = Debug|Any CPU
		{6B660474-ED8A-44B0-BBEC-340CB9242EEA}.Debug|iPhone.ActiveCfg = Debug|Any CPU
		{6B660474-ED8A-44B0-BBEC-340CB9242EEA}.Debug|iPhone.Build.0 = Debug|Any CPU
		{6B660474-ED8A-44B0-BBEC-340CB9242EEA}.Debug|iPhoneSimulator.ActiveCfg = Debug|Any CPU
		{6B660474-ED8A-44B0-BBEC-340CB9242EEA}.Debug|iPhoneSimulator.Build.0 = Debug|Any CPU
		{6B660474-ED8A-44B0-BBEC-340CB9242EEA}.Release|Any CPU.ActiveCfg = Release|Any CPU
		{6B660474-ED8A-44B0-BBEC-340CB9242EEA}.Release|Any CPU.Build.0 = Release|Any CPU
		{6B660474-ED8A-44B0-BBEC-340CB9242EEA}.Release|iPhone.ActiveCfg = Release|Any CPU
		{6B660474-ED8A-44B0-BBEC-340CB9242EEA}.Release|iPhone.Build.0 = Release|Any CPU
		{6B660474-ED8A-44B0-BBEC-340CB9242EEA}.Release|iPhoneSimulator.ActiveCfg = Release|Any CPU
		{6B660474-ED8A-44B0-BBEC-340CB9242EEA}.Release|iPhoneSimulator.Build.0 = Release|Any CPU
		{98007454-29AB-4B1E-ACAD-8D946392B5B9}.Debug|Any CPU.ActiveCfg = Debug|Any CPU
		{98007454-29AB-4B1E-ACAD-8D946392B5B9}.Debug|Any CPU.Build.0 = Debug|Any CPU
		{98007454-29AB-4B1E-ACAD-8D946392B5B9}.Debug|iPhone.ActiveCfg = Debug|Any CPU
		{98007454-29AB-4B1E-ACAD-8D946392B5B9}.Debug|iPhone.Build.0 = Debug|Any CPU
		{98007454-29AB-4B1E-ACAD-8D946392B5B9}.Debug|iPhoneSimulator.ActiveCfg = Debug|Any CPU
		{98007454-29AB-4B1E-ACAD-8D946392B5B9}.Debug|iPhoneSimulator.Build.0 = Debug|Any CPU
		{98007454-29AB-4B1E-ACAD-8D946392B5B9}.Release|Any CPU.ActiveCfg = Release|Any CPU
		{98007454-29AB-4B1E-ACAD-8D946392B5B9}.Release|Any CPU.Build.0 = Release|Any CPU
		{98007454-29AB-4B1E-ACAD-8D946392B5B9}.Release|iPhone.ActiveCfg = Release|Any CPU
		{98007454-29AB-4B1E-ACAD-8D946392B5B9}.Release|iPhone.Build.0 = Release|Any CPU
		{98007454-29AB-4B1E-ACAD-8D946392B5B9}.Release|iPhoneSimulator.ActiveCfg = Release|Any CPU
		{98007454-29AB-4B1E-ACAD-8D946392B5B9}.Release|iPhoneSimulator.Build.0 = Release|Any CPU
		{035F10A1-8829-4D19-A227-56E09CA2F59B}.Debug|Any CPU.ActiveCfg = Debug|Any CPU
		{035F10A1-8829-4D19-A227-56E09CA2F59B}.Debug|Any CPU.Build.0 = Debug|Any CPU
		{035F10A1-8829-4D19-A227-56E09CA2F59B}.Debug|iPhone.ActiveCfg = Debug|Any CPU
		{035F10A1-8829-4D19-A227-56E09CA2F59B}.Debug|iPhone.Build.0 = Debug|Any CPU
		{035F10A1-8829-4D19-A227-56E09CA2F59B}.Debug|iPhoneSimulator.ActiveCfg = Debug|Any CPU
		{035F10A1-8829-4D19-A227-56E09CA2F59B}.Debug|iPhoneSimulator.Build.0 = Debug|Any CPU
		{035F10A1-8829-4D19-A227-56E09CA2F59B}.Release|Any CPU.ActiveCfg = Release|Any CPU
		{035F10A1-8829-4D19-A227-56E09CA2F59B}.Release|Any CPU.Build.0 = Release|Any CPU
		{035F10A1-8829-4D19-A227-56E09CA2F59B}.Release|iPhone.ActiveCfg = Release|Any CPU
		{035F10A1-8829-4D19-A227-56E09CA2F59B}.Release|iPhone.Build.0 = Release|Any CPU
		{035F10A1-8829-4D19-A227-56E09CA2F59B}.Release|iPhoneSimulator.ActiveCfg = Release|Any CPU
		{035F10A1-8829-4D19-A227-56E09CA2F59B}.Release|iPhoneSimulator.Build.0 = Release|Any CPU
	EndGlobalSection
	GlobalSection(SolutionProperties) = preSolution
		HideSolutionNode = FALSE
	EndGlobalSection
	GlobalSection(NestedProjects) = preSolution
		{7D443F32-819D-4D3E-981F-B17099D8F197} = {B11B536E-EE40-463E-922C-10B4EDEC95C3}
		{781E3AB1-EAF0-4780-87C3-07846E783979} = {B11B536E-EE40-463E-922C-10B4EDEC95C3}
		{5C6D5A2B-EECB-4904-BE10-09F4A1D7525C} = {B11B536E-EE40-463E-922C-10B4EDEC95C3}
		{AB42762E-2BC5-45E5-87F1-1ECBDDB3C8A4} = {9884B8E7-2DAB-4904-B401-91F8F72F91E6}
		{6B660474-ED8A-44B0-BBEC-340CB9242EEA} = {9884B8E7-2DAB-4904-B401-91F8F72F91E6}
		{98007454-29AB-4B1E-ACAD-8D946392B5B9} = {AEBE0395-7D50-451B-8085-182503D18670}
		{035F10A1-8829-4D19-A227-56E09CA2F59B} = {AEBE0395-7D50-451B-8085-182503D18670}
	EndGlobalSection
	GlobalSection(ExtensibilityGlobals) = postSolution
		SolutionGuid = {0AA38B3E-A11B-4AE9-AA5C-4B56894B4D85}
	EndGlobalSection
EndGlobal
